{
  "originHash" : "8a632cae5d27f14539e3d337f31184f6991c5c693cf476b0751a0b04645ab6b3",
  "pins" : [
    {
      "identity" : "alamofire",
      "kind" : "remoteSourceControl",
      "location" : "git@github.com:Alamofire/Alamofire.git",
      "state" : {
        "revision" : "3f99050e75bbc6fe71fc323adabb039756680016",
        "version" : "5.11.1"
      }
    }
  ],
  "version" : 3
}
